
Microsoft Visual Studio Solution File, Format Version 12.00
# Visual Studio Version 16
VisualStudioVersion = 16.0.28922.388
MinimumVisualStudioVersion = 10.0.40219.1
Project("{8BC9CEB8-8B4A-11D0-8D11-00A0C91BC942}") = "Lab4_Mish", "Lab4_Mish\Lab4_Mish.vcxproj", "{FFF6BA3D-8E7C-4B70-9814-36882D6BF431}"
EndProject
Global
	GlobalSection(SolutionConfigurationPlatforms) = preSolution
		Debug|x64 = Debug|x64
		Debug|x86 = Debug|x86
		Release|x64 = Release|x64
		Release|x86 = Release|x86
	EndGlobalSection
	GlobalSection(ProjectConfigurationPlatforms) = postSolution
		{FFF6BA3D-8E7C-4B70-9814-36882D6BF431}.Debug|x64.ActiveCfg = Debug|x64
		{FFF6BA3D-8E7C-4B70-9814-36882D6BF431}.Debug|x64.Build.0 = Debug|x64
		{FFF6BA3D-8E7C-4B70-9814-36882D6BF431}.Debug|x86.ActiveCfg = Debug|Win32
		{FFF6BA3D-8E7C-4B70-9814-36882D6BF431}.Debug|x86.Build.0 = Debug|Win32
		{FFF6BA3D-8E7C-4B70-9814-36882D6BF431}.Release|x64.ActiveCfg = Release|x64
		{FFF6BA3D-8E7C-4B70-9814-36882D6BF431}.Release|x64.Build.0 = Release|x64
		{FFF6BA3D-8E7C-4B70-9814-36882D6BF431}.Release|x86.ActiveCfg = Release|Win32
		{FFF6BA3D-8E7C-4B70-9814-36882D6BF431}.Release|x86.Build.0 = Release|Win32
	EndGlobalSection
	GlobalSection(SolutionProperties) = preSolution
		HideSolutionNode = FALSE
	EndGlobalSection
	GlobalSection(ExtensibilityGlobals) = postSolution
		SolutionGuid = {3E339941-A0DA-47BA-92F6-306B1AC6BC4D}
	EndGlobalSection
EndGlobal
